
Microsoft Visual Studio Solution File, Format Version 12.00
# Visual Studio 14
VisualStudioVersion = 14.0.24720.0
MinimumVisualStudioVersion = 10.0.40219.1
Project("{FAE04EC0-301F-11D3-BF4B-00C04F79EFBC}") = "Basilisk", "Basilisk\Basilisk.csproj", "{814CCB48-C68A-4D65-A4B4-958EA6AB0BB6}"
EndProject
Project("{FAE04EC0-301F-11D3-BF4B-00C04F79EFBC}") = "BasiliskNodesUI", "BasiliskUI\BasiliskNodesUI.csproj", "{0A4B4EEA-8FAB-4AC8-90D4-27DBC5B0CF2A}"
	ProjectSection(ProjectDependencies) = postProject
		{814CCB48-C68A-4D65-A4B4-958EA6AB0BB6} = {814CCB48-C68A-4D65-A4B4-958EA6AB0BB6}
	EndProjectSection
EndProject
Project("{FAE04EC0-301F-11D3-BF4B-00C04F79EFBC}") = "BasiliskTest", "BasiliskTest\BasiliskTest.csproj", "{A8BE5559-3412-4A3B-B882-95285C203985}"
	ProjectSection(ProjectDependencies) = postProject
		{814CCB48-C68A-4D65-A4B4-958EA6AB0BB6} = {814CCB48-C68A-4D65-A4B4-958EA6AB0BB6}
	EndProjectSection
EndProject
Project("{FAE04EC0-301F-11D3-BF4B-00C04F79EFBC}") = "Revit2016", "Revit2016\Revit2016.csproj", "{348E19A4-A3FC-4558-93C6-2646820412A1}"
EndProject
Project("{FAE04EC0-301F-11D3-BF4B-00C04F79EFBC}") = "Revit2015", "Revit2015\Revit2015.csproj", "{2B9890E8-4935-4BD4-B7A1-09E2BF725798}"
EndProject
Project("{FAE04EC0-301F-11D3-BF4B-00C04F79EFBC}") = "Robot_Basilisk", "Robot_Basilisk\Robot_Basilisk.csproj", "{75FD6313-8EF6-4A57-892C-5CCFEE804AAE}"
EndProject
Global
	GlobalSection(SolutionConfigurationPlatforms) = preSolution
		Debug|Any CPU = Debug|Any CPU
		Release|Any CPU = Release|Any CPU
	EndGlobalSection
	GlobalSection(ProjectConfigurationPlatforms) = postSolution
		{814CCB48-C68A-4D65-A4B4-958EA6AB0BB6}.Debug|Any CPU.ActiveCfg = Debug|Any CPU
		{814CCB48-C68A-4D65-A4B4-958EA6AB0BB6}.Debug|Any CPU.Build.0 = Debug|Any CPU
		{814CCB48-C68A-4D65-A4B4-958EA6AB0BB6}.Release|Any CPU.ActiveCfg = Debug|Any CPU
		{814CCB48-C68A-4D65-A4B4-958EA6AB0BB6}.Release|Any CPU.Build.0 = Debug|Any CPU
		{0A4B4EEA-8FAB-4AC8-90D4-27DBC5B0CF2A}.Debug|Any CPU.ActiveCfg = Debug|Any CPU
		{0A4B4EEA-8FAB-4AC8-90D4-27DBC5B0CF2A}.Debug|Any CPU.Build.0 = Debug|Any CPU
		{0A4B4EEA-8FAB-4AC8-90D4-27DBC5B0CF2A}.Release|Any CPU.ActiveCfg = Debug|Any CPU
		{0A4B4EEA-8FAB-4AC8-90D4-27DBC5B0CF2A}.Release|Any CPU.Build.0 = Debug|Any CPU
		{A8BE5559-3412-4A3B-B882-95285C203985}.Debug|Any CPU.ActiveCfg = Debug|Any CPU
		{A8BE5559-3412-4A3B-B882-95285C203985}.Release|Any CPU.ActiveCfg = Debug|Any CPU
		{348E19A4-A3FC-4558-93C6-2646820412A1}.Debug|Any CPU.ActiveCfg = Debug|Any CPU
		{348E19A4-A3FC-4558-93C6-2646820412A1}.Debug|Any CPU.Build.0 = Debug|Any CPU
		{348E19A4-A3FC-4558-93C6-2646820412A1}.Release|Any CPU.ActiveCfg = Debug|Any CPU
		{348E19A4-A3FC-4558-93C6-2646820412A1}.Release|Any CPU.Build.0 = Debug|Any CPU
		{2B9890E8-4935-4BD4-B7A1-09E2BF725798}.Debug|Any CPU.ActiveCfg = Release|Any CPU
		{2B9890E8-4935-4BD4-B7A1-09E2BF725798}.Release|Any CPU.ActiveCfg = Release|Any CPU
		{75FD6313-8EF6-4A57-892C-5CCFEE804AAE}.Debug|Any CPU.ActiveCfg = Debug|Any CPU
		{75FD6313-8EF6-4A57-892C-5CCFEE804AAE}.Debug|Any CPU.Build.0 = Debug|Any CPU
		{75FD6313-8EF6-4A57-892C-5CCFEE804AAE}.Release|Any CPU.ActiveCfg = Release|Any CPU
		{75FD6313-8EF6-4A57-892C-5CCFEE804AAE}.Release|Any CPU.Build.0 = Release|Any CPU
	EndGlobalSection
	GlobalSection(SolutionProperties) = preSolution
		HideSolutionNode = FALSE
	EndGlobalSection
EndGlobal
