
Microsoft Visual Studio Solution File, Format Version 12.00
# Visual Studio Version 17
VisualStudioVersion = 17.1.32210.238
MinimumVisualStudioVersion = 10.0.40219.1
Project("{FAE04EC0-301F-11D3-BF4B-00C04F79EFBC}") = "Dynamo2_UI", "Dynamo2\Dynamo_UI\Dynamo2_UI.csproj", "{814CCB48-C68A-4D65-A4B4-958EA6AB0BB6}"
EndProject
Project("{FAE04EC0-301F-11D3-BF4B-00C04F79EFBC}") = "Dynamo2_Engine", "Dynamo2\Dynamo_Engine\Dynamo2_Engine.csproj", "{01CA6B93-2723-4022-B3FF-0815AF808621}"
EndProject
Global
	GlobalSection(SolutionConfigurationPlatforms) = preSolution
		Debug|Any CPU = Debug|Any CPU
		Release|Any CPU = Release|Any CPU
	EndGlobalSection
	GlobalSection(ProjectConfigurationPlatforms) = postSolution
		{814CCB48-C68A-4D65-A4B4-958EA6AB0BB6}.Debug|Any CPU.ActiveCfg = Debug|Any CPU
		{814CCB48-C68A-4D65-A4B4-958EA6AB0BB6}.Debug|Any CPU.Build.0 = Debug|Any CPU
		{814CCB48-C68A-4D65-A4B4-958EA6AB0BB6}.Release|Any CPU.ActiveCfg = Release|Any CPU
		{814CCB48-C68A-4D65-A4B4-958EA6AB0BB6}.Release|Any CPU.Build.0 = Release|Any CPU
		{01CA6B93-2723-4022-B3FF-0815AF808621}.Debug|Any CPU.ActiveCfg = Debug|Any CPU
		{01CA6B93-2723-4022-B3FF-0815AF808621}.Debug|Any CPU.Build.0 = Debug|Any CPU
		{01CA6B93-2723-4022-B3FF-0815AF808621}.Release|Any CPU.ActiveCfg = Release|Any CPU
		{01CA6B93-2723-4022-B3FF-0815AF808621}.Release|Any CPU.Build.0 = Release|Any CPU
	EndGlobalSection
	GlobalSection(SolutionProperties) = preSolution
		HideSolutionNode = FALSE
	EndGlobalSection
	GlobalSection(ExtensibilityGlobals) = postSolution
		SolutionGuid = {48B5F551-9843-4857-9439-37F81AF6EEE9}
	EndGlobalSection
EndGlobal
