
Microsoft Visual Studio Solution File, Format Version 12.00
# Visual Studio 15
VisualStudioVersion = 15.0.27004.2009
MinimumVisualStudioVersion = 10.0.40219.1
Project("{FAE04EC0-301F-11D3-BF4B-00C04F79EFBC}") = "Basilisk", "Basilisk\Basilisk.csproj", "{A45664FF-E8C5-41E0-A360-C4B6F99C2263}"
EndProject
Project("{FAE04EC0-301F-11D3-BF4B-00C04F79EFBC}") = "Structure_Basilisk", "Structure_Basilisk\Structure_Basilisk.csproj", "{BCFD4840-F06C-403F-A3BC-384E27859A92}"
EndProject
Project("{FAE04EC0-301F-11D3-BF4B-00C04F79EFBC}") = "Structure_Basilisk_CustomUI", "Structure_Basilisk_CustomUI\Structure_Basilisk_CustomUI.csproj", "{C577AADE-BFFC-45F6-9BBC-03291368F0D1}"
EndProject
Project("{FAE04EC0-301F-11D3-BF4B-00C04F79EFBC}") = "Adapter_Basilisk", "Adapter_Basilisk\Adapter_Basilisk.csproj", "{0076D41B-AD8D-43FB-ADA0-5A82A3C61E52}"
EndProject
Project("{FAE04EC0-301F-11D3-BF4B-00C04F79EFBC}") = "Robot_Basilisk", "Robot_Basilisk\Robot_Basilisk.csproj", "{73947418-BC04-44E1-9A5A-EF1C79A3090C}"
EndProject
Project("{FAE04EC0-301F-11D3-BF4B-00C04F79EFBC}") = "GSA_Basilisk", "GSA_Basilisk\GSA_Basilisk.csproj", "{166B3871-A14F-4387-827A-3249962BAB61}"
EndProject
Project("{FAE04EC0-301F-11D3-BF4B-00C04F79EFBC}") = "Mongo_Basilisk", "Mongo_Basilisk\Mongo_Basilisk.csproj", "{5E826FB9-D43A-4DDE-A979-94188C2B609C}"
EndProject
Project("{FAE04EC0-301F-11D3-BF4B-00C04F79EFBC}") = "Dynamo_Adapter", "Dynamo_Adapter\Dynamo_Adapter.csproj", "{2ED34B1A-8E4D-4F9B-8748-79FACB7714DA}"
EndProject
Project("{FAE04EC0-301F-11D3-BF4B-00C04F79EFBC}") = "Environmental_Basilisk", "Environmental_Basilisk\Environmental_Basilisk.csproj", "{697E4209-DF84-42FD-BB36-14611BB33DA5}"
EndProject
Global
	GlobalSection(SolutionConfigurationPlatforms) = preSolution
		Debug|Any CPU = Debug|Any CPU
		Release|Any CPU = Release|Any CPU
	EndGlobalSection
	GlobalSection(ProjectConfigurationPlatforms) = postSolution
		{A45664FF-E8C5-41E0-A360-C4B6F99C2263}.Debug|Any CPU.ActiveCfg = Debug|Any CPU
		{A45664FF-E8C5-41E0-A360-C4B6F99C2263}.Debug|Any CPU.Build.0 = Debug|Any CPU
		{A45664FF-E8C5-41E0-A360-C4B6F99C2263}.Release|Any CPU.ActiveCfg = Release|Any CPU
		{A45664FF-E8C5-41E0-A360-C4B6F99C2263}.Release|Any CPU.Build.0 = Release|Any CPU
		{BCFD4840-F06C-403F-A3BC-384E27859A92}.Debug|Any CPU.ActiveCfg = Debug|Any CPU
		{BCFD4840-F06C-403F-A3BC-384E27859A92}.Debug|Any CPU.Build.0 = Debug|Any CPU
		{BCFD4840-F06C-403F-A3BC-384E27859A92}.Release|Any CPU.ActiveCfg = Release|Any CPU
		{BCFD4840-F06C-403F-A3BC-384E27859A92}.Release|Any CPU.Build.0 = Release|Any CPU
		{C577AADE-BFFC-45F6-9BBC-03291368F0D1}.Debug|Any CPU.ActiveCfg = Debug|Any CPU
		{C577AADE-BFFC-45F6-9BBC-03291368F0D1}.Debug|Any CPU.Build.0 = Debug|Any CPU
		{C577AADE-BFFC-45F6-9BBC-03291368F0D1}.Release|Any CPU.ActiveCfg = Release|Any CPU
		{C577AADE-BFFC-45F6-9BBC-03291368F0D1}.Release|Any CPU.Build.0 = Release|Any CPU
		{0076D41B-AD8D-43FB-ADA0-5A82A3C61E52}.Debug|Any CPU.ActiveCfg = Debug|Any CPU
		{0076D41B-AD8D-43FB-ADA0-5A82A3C61E52}.Debug|Any CPU.Build.0 = Debug|Any CPU
		{0076D41B-AD8D-43FB-ADA0-5A82A3C61E52}.Release|Any CPU.ActiveCfg = Release|Any CPU
		{0076D41B-AD8D-43FB-ADA0-5A82A3C61E52}.Release|Any CPU.Build.0 = Release|Any CPU
		{73947418-BC04-44E1-9A5A-EF1C79A3090C}.Debug|Any CPU.ActiveCfg = Debug|Any CPU
		{73947418-BC04-44E1-9A5A-EF1C79A3090C}.Debug|Any CPU.Build.0 = Debug|Any CPU
		{73947418-BC04-44E1-9A5A-EF1C79A3090C}.Release|Any CPU.ActiveCfg = Release|Any CPU
		{73947418-BC04-44E1-9A5A-EF1C79A3090C}.Release|Any CPU.Build.0 = Release|Any CPU
		{166B3871-A14F-4387-827A-3249962BAB61}.Debug|Any CPU.ActiveCfg = Debug|Any CPU
		{166B3871-A14F-4387-827A-3249962BAB61}.Debug|Any CPU.Build.0 = Debug|Any CPU
		{166B3871-A14F-4387-827A-3249962BAB61}.Release|Any CPU.ActiveCfg = Release|Any CPU
		{166B3871-A14F-4387-827A-3249962BAB61}.Release|Any CPU.Build.0 = Release|Any CPU
		{5E826FB9-D43A-4DDE-A979-94188C2B609C}.Debug|Any CPU.ActiveCfg = Debug|Any CPU
		{5E826FB9-D43A-4DDE-A979-94188C2B609C}.Debug|Any CPU.Build.0 = Debug|Any CPU
		{5E826FB9-D43A-4DDE-A979-94188C2B609C}.Release|Any CPU.ActiveCfg = Release|Any CPU
		{5E826FB9-D43A-4DDE-A979-94188C2B609C}.Release|Any CPU.Build.0 = Release|Any CPU
		{2ED34B1A-8E4D-4F9B-8748-79FACB7714DA}.Debug|Any CPU.ActiveCfg = Debug|Any CPU
		{2ED34B1A-8E4D-4F9B-8748-79FACB7714DA}.Debug|Any CPU.Build.0 = Debug|Any CPU
		{2ED34B1A-8E4D-4F9B-8748-79FACB7714DA}.Release|Any CPU.ActiveCfg = Release|Any CPU
		{2ED34B1A-8E4D-4F9B-8748-79FACB7714DA}.Release|Any CPU.Build.0 = Release|Any CPU
		{697E4209-DF84-42FD-BB36-14611BB33DA5}.Debug|Any CPU.ActiveCfg = Debug|Any CPU
		{697E4209-DF84-42FD-BB36-14611BB33DA5}.Debug|Any CPU.Build.0 = Debug|Any CPU
		{697E4209-DF84-42FD-BB36-14611BB33DA5}.Release|Any CPU.ActiveCfg = Release|Any CPU
		{697E4209-DF84-42FD-BB36-14611BB33DA5}.Release|Any CPU.Build.0 = Release|Any CPU
	EndGlobalSection
	GlobalSection(SolutionProperties) = preSolution
		HideSolutionNode = FALSE
	EndGlobalSection
	GlobalSection(ExtensibilityGlobals) = postSolution
		SolutionGuid = {7A3B20E3-939E-4596-AD4F-9F48FA643725}
	EndGlobalSection
EndGlobal
